
Microsoft Visual Studio Solution File, Format Version 12.00
# Visual Studio Version 16
VisualStudioVersion = 16.0.30320.27
MinimumVisualStudioVersion = 15.0.26124.0
Project("{2150E333-8FDC-42A3-9474-1A3956D46DE8}") = "Host", "Host", "{8077A1F9-266C-4F2E-B4FF-8D4BB1E78DEA}"
EndProject
Project("{2150E333-8FDC-42A3-9474-1A3956D46DE8}") = "Src", "Src", "{C040D649-14E4-4BF0-B14F-A9951F9DAE80}"
EndProject
Project("{2150E333-8FDC-42A3-9474-1A3956D46DE8}") = "Test", "Test", "{E64C3DDE-D6FB-4E80-8B32-32727F5D68AE}"
	ProjectSection(SolutionItems) = preProject
		ReadME.md = ReadME.md
	EndProjectSection
EndProject
Project("{2150E333-8FDC-42A3-9474-1A3956D46DE8}") = "Web", "Web", "{F065029B-FEB0-4858-8555-152AD6B36922}"
EndProject
Project("{2150E333-8FDC-42A3-9474-1A3956D46DE8}") = "ORM", "ORM", "{63FED3E1-C2EB-49FC-BE8E-511F7E38798E}"
EndProject
Project("{2150E333-8FDC-42A3-9474-1A3956D46DE8}") = "EntityFrameWorkCore", "EntityFrameWorkCore", "{8C5D011E-4276-4405-8AD7-43C11D5B3888}"
EndProject
Project("{2150E333-8FDC-42A3-9474-1A3956D46DE8}") = "SqlSugar", "SqlSugar", "{6FCEA8BC-B604-4EBC-B650-9A688DDD57AF}"
EndProject
Project("{2150E333-8FDC-42A3-9474-1A3956D46DE8}") = "Dapper", "Dapper", "{E9AAB8C0-E26D-4724-AEB0-DB2CA754B631}"
EndProject
Project("{2150E333-8FDC-42A3-9474-1A3956D46DE8}") = "Shared", "Shared", "{6D2CC602-4901-468A-BACA-766366C1F8B7}"
EndProject
Project("{9A19103F-16F7-4668-BE54-9A1E7A4F7556}") = "St.Extensions", "St.Extensions\St.Extensions.csproj", "{7C3D42CC-695F-4A4D-A429-E0BDD73290E1}"
EndProject
Project("{9A19103F-16F7-4668-BE54-9A1E7A4F7556}") = "St.EfCore", "St.EfCore\St.EfCore.csproj", "{3E586D1F-5CAC-4A7D-B861-76ADF34153AB}"
EndProject
Project("{9A19103F-16F7-4668-BE54-9A1E7A4F7556}") = "St.Host.API", "St.Host.API\St.Host.API.csproj", "{D4EEEA62-3E36-47D6-8EC4-3280A6CA1949}"
EndProject
Project("{9A19103F-16F7-4668-BE54-9A1E7A4F7556}") = "St.ServiceExtensions", "St.ServiceExtensions\St.ServiceExtensions.csproj", "{1502F846-6522-48F8-9D08-CDEF6200C452}"
EndProject
Project("{2150E333-8FDC-42A3-9474-1A3956D46DE8}") = "Services", "Services", "{41D51FC6-C332-4FE3-9F9D-F3851FDB438B}"
EndProject
Project("{9A19103F-16F7-4668-BE54-9A1E7A4F7556}") = "St.Application", "St.Application\St.Application.csproj", "{F4618409-3F1F-4358-AE87-0C72B2E5E6FA}"
EndProject
Project("{9A19103F-16F7-4668-BE54-9A1E7A4F7556}") = "St.Application.Infrastruct", "St.Application.Infrastruct\St.Application.Infrastruct.csproj", "{F0C9304B-2343-4555-A747-6CFA5A6FD3FB}"
EndProject
Project("{2150E333-8FDC-42A3-9474-1A3956D46DE8}") = "DoMain", "DoMain", "{8F06F20B-AE0C-431D-9D86-ED30506A40CB}"
EndProject
Project("{9A19103F-16F7-4668-BE54-9A1E7A4F7556}") = "St.DoMain", "St.DoMain\St.DoMain.csproj", "{40D6E7AC-835B-4792-A912-12638C0D1FD0}"
EndProject
Project("{9A19103F-16F7-4668-BE54-9A1E7A4F7556}") = "St.Exceptions", "St.Exceptions\St.Exceptions.csproj", "{C903F687-4156-4D46-8970-CCABDBCA9595}"
EndProject
Project("{FAE04EC0-301F-11D3-BF4B-00C04F79EFBC}") = "St.Common", "St.Common\St.Common.csproj", "{5483DBFF-9FFB-414A-8041-60B8E2844B41}"
EndProject
Project("{FAE04EC0-301F-11D3-BF4B-00C04F79EFBC}") = "St.AutoMapper", "St.AutoMapper\St.AutoMapper.csproj", "{53D95335-94F9-45BB-9DCA-F753298265D2}"
EndProject
Global
	GlobalSection(SolutionConfigurationPlatforms) = preSolution
		Debug|Any CPU = Debug|Any CPU
		Debug|x64 = Debug|x64
		Debug|x86 = Debug|x86
		Release|Any CPU = Release|Any CPU
		Release|x64 = Release|x64
		Release|x86 = Release|x86
	EndGlobalSection
	GlobalSection(ProjectConfigurationPlatforms) = postSolution
		{7C3D42CC-695F-4A4D-A429-E0BDD73290E1}.Debug|Any CPU.ActiveCfg = Debug|Any CPU
		{7C3D42CC-695F-4A4D-A429-E0BDD73290E1}.Debug|Any CPU.Build.0 = Debug|Any CPU
		{7C3D42CC-695F-4A4D-A429-E0BDD73290E1}.Debug|x64.ActiveCfg = Debug|Any CPU
		{7C3D42CC-695F-4A4D-A429-E0BDD73290E1}.Debug|x64.Build.0 = Debug|Any CPU
		{7C3D42CC-695F-4A4D-A429-E0BDD73290E1}.Debug|x86.ActiveCfg = Debug|Any CPU
		{7C3D42CC-695F-4A4D-A429-E0BDD73290E1}.Debug|x86.Build.0 = Debug|Any CPU
		{7C3D42CC-695F-4A4D-A429-E0BDD73290E1}.Release|Any CPU.ActiveCfg = Release|Any CPU
		{7C3D42CC-695F-4A4D-A429-E0BDD73290E1}.Release|Any CPU.Build.0 = Release|Any CPU
		{7C3D42CC-695F-4A4D-A429-E0BDD73290E1}.Release|x64.ActiveCfg = Release|Any CPU
		{7C3D42CC-695F-4A4D-A429-E0BDD73290E1}.Release|x64.Build.0 = Release|Any CPU
		{7C3D42CC-695F-4A4D-A429-E0BDD73290E1}.Release|x86.ActiveCfg = Release|Any CPU
		{7C3D42CC-695F-4A4D-A429-E0BDD73290E1}.Release|x86.Build.0 = Release|Any CPU
		{3E586D1F-5CAC-4A7D-B861-76ADF34153AB}.Debug|Any CPU.ActiveCfg = Debug|Any CPU
		{3E586D1F-5CAC-4A7D-B861-76ADF34153AB}.Debug|Any CPU.Build.0 = Debug|Any CPU
		{3E586D1F-5CAC-4A7D-B861-76ADF34153AB}.Debug|x64.ActiveCfg = Debug|Any CPU
		{3E586D1F-5CAC-4A7D-B861-76ADF34153AB}.Debug|x64.Build.0 = Debug|Any CPU
		{3E586D1F-5CAC-4A7D-B861-76ADF34153AB}.Debug|x86.ActiveCfg = Debug|Any CPU
		{3E586D1F-5CAC-4A7D-B861-76ADF34153AB}.Debug|x86.Build.0 = Debug|Any CPU
		{3E586D1F-5CAC-4A7D-B861-76ADF34153AB}.Release|Any CPU.ActiveCfg = Release|Any CPU
		{3E586D1F-5CAC-4A7D-B861-76ADF34153AB}.Release|Any CPU.Build.0 = Release|Any CPU
		{3E586D1F-5CAC-4A7D-B861-76ADF34153AB}.Release|x64.ActiveCfg = Release|Any CPU
		{3E586D1F-5CAC-4A7D-B861-76ADF34153AB}.Release|x64.Build.0 = Release|Any CPU
		{3E586D1F-5CAC-4A7D-B861-76ADF34153AB}.Release|x86.ActiveCfg = Release|Any CPU
		{3E586D1F-5CAC-4A7D-B861-76ADF34153AB}.Release|x86.Build.0 = Release|Any CPU
		{D4EEEA62-3E36-47D6-8EC4-3280A6CA1949}.Debug|Any CPU.ActiveCfg = Debug|Any CPU
		{D4EEEA62-3E36-47D6-8EC4-3280A6CA1949}.Debug|Any CPU.Build.0 = Debug|Any CPU
		{D4EEEA62-3E36-47D6-8EC4-3280A6CA1949}.Debug|x64.ActiveCfg = Debug|Any CPU
		{D4EEEA62-3E36-47D6-8EC4-3280A6CA1949}.Debug|x64.Build.0 = Debug|Any CPU
		{D4EEEA62-3E36-47D6-8EC4-3280A6CA1949}.Debug|x86.ActiveCfg = Debug|Any CPU
		{D4EEEA62-3E36-47D6-8EC4-3280A6CA1949}.Debug|x86.Build.0 = Debug|Any CPU
		{D4EEEA62-3E36-47D6-8EC4-3280A6CA1949}.Release|Any CPU.ActiveCfg = Release|Any CPU
		{D4EEEA62-3E36-47D6-8EC4-3280A6CA1949}.Release|Any CPU.Build.0 = Release|Any CPU
		{D4EEEA62-3E36-47D6-8EC4-3280A6CA1949}.Release|x64.ActiveCfg = Release|Any CPU
		{D4EEEA62-3E36-47D6-8EC4-3280A6CA1949}.Release|x64.Build.0 = Release|Any CPU
		{D4EEEA62-3E36-47D6-8EC4-3280A6CA1949}.Release|x86.ActiveCfg = Release|Any CPU
		{D4EEEA62-3E36-47D6-8EC4-3280A6CA1949}.Release|x86.Build.0 = Release|Any CPU
		{1502F846-6522-48F8-9D08-CDEF6200C452}.Debug|Any CPU.ActiveCfg = Debug|Any CPU
		{1502F846-6522-48F8-9D08-CDEF6200C452}.Debug|Any CPU.Build.0 = Debug|Any CPU
		{1502F846-6522-48F8-9D08-CDEF6200C452}.Debug|x64.ActiveCfg = Debug|Any CPU
		{1502F846-6522-48F8-9D08-CDEF6200C452}.Debug|x64.Build.0 = Debug|Any CPU
		{1502F846-6522-48F8-9D08-CDEF6200C452}.Debug|x86.ActiveCfg = Debug|Any CPU
		{1502F846-6522-48F8-9D08-CDEF6200C452}.Debug|x86.Build.0 = Debug|Any CPU
		{1502F846-6522-48F8-9D08-CDEF6200C452}.Release|Any CPU.ActiveCfg = Release|Any CPU
		{1502F846-6522-48F8-9D08-CDEF6200C452}.Release|Any CPU.Build.0 = Release|Any CPU
		{1502F846-6522-48F8-9D08-CDEF6200C452}.Release|x64.ActiveCfg = Release|Any CPU
		{1502F846-6522-48F8-9D08-CDEF6200C452}.Release|x64.Build.0 = Release|Any CPU
		{1502F846-6522-48F8-9D08-CDEF6200C452}.Release|x86.ActiveCfg = Release|Any CPU
		{1502F846-6522-48F8-9D08-CDEF6200C452}.Release|x86.Build.0 = Release|Any CPU
		{F4618409-3F1F-4358-AE87-0C72B2E5E6FA}.Debug|Any CPU.ActiveCfg = Debug|Any CPU
		{F4618409-3F1F-4358-AE87-0C72B2E5E6FA}.Debug|Any CPU.Build.0 = Debug|Any CPU
		{F4618409-3F1F-4358-AE87-0C72B2E5E6FA}.Debug|x64.ActiveCfg = Debug|Any CPU
		{F4618409-3F1F-4358-AE87-0C72B2E5E6FA}.Debug|x64.Build.0 = Debug|Any CPU
		{F4618409-3F1F-4358-AE87-0C72B2E5E6FA}.Debug|x86.ActiveCfg = Debug|Any CPU
		{F4618409-3F1F-4358-AE87-0C72B2E5E6FA}.Debug|x86.Build.0 = Debug|Any CPU
		{F4618409-3F1F-4358-AE87-0C72B2E5E6FA}.Release|Any CPU.ActiveCfg = Release|Any CPU
		{F4618409-3F1F-4358-AE87-0C72B2E5E6FA}.Release|Any CPU.Build.0 = Release|Any CPU
		{F4618409-3F1F-4358-AE87-0C72B2E5E6FA}.Release|x64.ActiveCfg = Release|Any CPU
		{F4618409-3F1F-4358-AE87-0C72B2E5E6FA}.Release|x64.Build.0 = Release|Any CPU
		{F4618409-3F1F-4358-AE87-0C72B2E5E6FA}.Release|x86.ActiveCfg = Release|Any CPU
		{F4618409-3F1F-4358-AE87-0C72B2E5E6FA}.Release|x86.Build.0 = Release|Any CPU
		{F0C9304B-2343-4555-A747-6CFA5A6FD3FB}.Debug|Any CPU.ActiveCfg = Debug|Any CPU
		{F0C9304B-2343-4555-A747-6CFA5A6FD3FB}.Debug|Any CPU.Build.0 = Debug|Any CPU
		{F0C9304B-2343-4555-A747-6CFA5A6FD3FB}.Debug|x64.ActiveCfg = Debug|Any CPU
		{F0C9304B-2343-4555-A747-6CFA5A6FD3FB}.Debug|x64.Build.0 = Debug|Any CPU
		{F0C9304B-2343-4555-A747-6CFA5A6FD3FB}.Debug|x86.ActiveCfg = Debug|Any CPU
		{F0C9304B-2343-4555-A747-6CFA5A6FD3FB}.Debug|x86.Build.0 = Debug|Any CPU
		{F0C9304B-2343-4555-A747-6CFA5A6FD3FB}.Release|Any CPU.ActiveCfg = Release|Any CPU
		{F0C9304B-2343-4555-A747-6CFA5A6FD3FB}.Release|Any CPU.Build.0 = Release|Any CPU
		{F0C9304B-2343-4555-A747-6CFA5A6FD3FB}.Release|x64.ActiveCfg = Release|Any CPU
		{F0C9304B-2343-4555-A747-6CFA5A6FD3FB}.Release|x64.Build.0 = Release|Any CPU
		{F0C9304B-2343-4555-A747-6CFA5A6FD3FB}.Release|x86.ActiveCfg = Release|Any CPU
		{F0C9304B-2343-4555-A747-6CFA5A6FD3FB}.Release|x86.Build.0 = Release|Any CPU
		{40D6E7AC-835B-4792-A912-12638C0D1FD0}.Debug|Any CPU.ActiveCfg = Debug|Any CPU
		{40D6E7AC-835B-4792-A912-12638C0D1FD0}.Debug|Any CPU.Build.0 = Debug|Any CPU
		{40D6E7AC-835B-4792-A912-12638C0D1FD0}.Debug|x64.ActiveCfg = Debug|Any CPU
		{40D6E7AC-835B-4792-A912-12638C0D1FD0}.Debug|x64.Build.0 = Debug|Any CPU
		{40D6E7AC-835B-4792-A912-12638C0D1FD0}.Debug|x86.ActiveCfg = Debug|Any CPU
		{40D6E7AC-835B-4792-A912-12638C0D1FD0}.Debug|x86.Build.0 = Debug|Any CPU
		{40D6E7AC-835B-4792-A912-12638C0D1FD0}.Release|Any CPU.ActiveCfg = Release|Any CPU
		{40D6E7AC-835B-4792-A912-12638C0D1FD0}.Release|Any CPU.Build.0 = Release|Any CPU
		{40D6E7AC-835B-4792-A912-12638C0D1FD0}.Release|x64.ActiveCfg = Release|Any CPU
		{40D6E7AC-835B-4792-A912-12638C0D1FD0}.Release|x64.Build.0 = Release|Any CPU
		{40D6E7AC-835B-4792-A912-12638C0D1FD0}.Release|x86.ActiveCfg = Release|Any CPU
		{40D6E7AC-835B-4792-A912-12638C0D1FD0}.Release|x86.Build.0 = Release|Any CPU
		{C903F687-4156-4D46-8970-CCABDBCA9595}.Debug|Any CPU.ActiveCfg = Debug|Any CPU
		{C903F687-4156-4D46-8970-CCABDBCA9595}.Debug|Any CPU.Build.0 = Debug|Any CPU
		{C903F687-4156-4D46-8970-CCABDBCA9595}.Debug|x64.ActiveCfg = Debug|Any CPU
		{C903F687-4156-4D46-8970-CCABDBCA9595}.Debug|x64.Build.0 = Debug|Any CPU
		{C903F687-4156-4D46-8970-CCABDBCA9595}.Debug|x86.ActiveCfg = Debug|Any CPU
		{C903F687-4156-4D46-8970-CCABDBCA9595}.Debug|x86.Build.0 = Debug|Any CPU
		{C903F687-4156-4D46-8970-CCABDBCA9595}.Release|Any CPU.ActiveCfg = Release|Any CPU
		{C903F687-4156-4D46-8970-CCABDBCA9595}.Release|Any CPU.Build.0 = Release|Any CPU
		{C903F687-4156-4D46-8970-CCABDBCA9595}.Release|x64.ActiveCfg = Release|Any CPU
		{C903F687-4156-4D46-8970-CCABDBCA9595}.Release|x64.Build.0 = Release|Any CPU
		{C903F687-4156-4D46-8970-CCABDBCA9595}.Release|x86.ActiveCfg = Release|Any CPU
		{C903F687-4156-4D46-8970-CCABDBCA9595}.Release|x86.Build.0 = Release|Any CPU
		{5483DBFF-9FFB-414A-8041-60B8E2844B41}.Debug|Any CPU.ActiveCfg = Debug|Any CPU
		{5483DBFF-9FFB-414A-8041-60B8E2844B41}.Debug|Any CPU.Build.0 = Debug|Any CPU
		{5483DBFF-9FFB-414A-8041-60B8E2844B41}.Debug|x64.ActiveCfg = Debug|Any CPU
		{5483DBFF-9FFB-414A-8041-60B8E2844B41}.Debug|x64.Build.0 = Debug|Any CPU
		{5483DBFF-9FFB-414A-8041-60B8E2844B41}.Debug|x86.ActiveCfg = Debug|Any CPU
		{5483DBFF-9FFB-414A-8041-60B8E2844B41}.Debug|x86.Build.0 = Debug|Any CPU
		{5483DBFF-9FFB-414A-8041-60B8E2844B41}.Release|Any CPU.ActiveCfg = Release|Any CPU
		{5483DBFF-9FFB-414A-8041-60B8E2844B41}.Release|Any CPU.Build.0 = Release|Any CPU
		{5483DBFF-9FFB-414A-8041-60B8E2844B41}.Release|x64.ActiveCfg = Release|Any CPU
		{5483DBFF-9FFB-414A-8041-60B8E2844B41}.Release|x64.Build.0 = Release|Any CPU
		{5483DBFF-9FFB-414A-8041-60B8E2844B41}.Release|x86.ActiveCfg = Release|Any CPU
		{5483DBFF-9FFB-414A-8041-60B8E2844B41}.Release|x86.Build.0 = Release|Any CPU
		{53D95335-94F9-45BB-9DCA-F753298265D2}.Debug|Any CPU.ActiveCfg = Debug|Any CPU
		{53D95335-94F9-45BB-9DCA-F753298265D2}.Debug|Any CPU.Build.0 = Debug|Any CPU
		{53D95335-94F9-45BB-9DCA-F753298265D2}.Debug|x64.ActiveCfg = Debug|Any CPU
		{53D95335-94F9-45BB-9DCA-F753298265D2}.Debug|x64.Build.0 = Debug|Any CPU
		{53D95335-94F9-45BB-9DCA-F753298265D2}.Debug|x86.ActiveCfg = Debug|Any CPU
		{53D95335-94F9-45BB-9DCA-F753298265D2}.Debug|x86.Build.0 = Debug|Any CPU
		{53D95335-94F9-45BB-9DCA-F753298265D2}.Release|Any CPU.ActiveCfg = Release|Any CPU
		{53D95335-94F9-45BB-9DCA-F753298265D2}.Release|Any CPU.Build.0 = Release|Any CPU
		{53D95335-94F9-45BB-9DCA-F753298265D2}.Release|x64.ActiveCfg = Release|Any CPU
		{53D95335-94F9-45BB-9DCA-F753298265D2}.Release|x64.Build.0 = Release|Any CPU
		{53D95335-94F9-45BB-9DCA-F753298265D2}.Release|x86.ActiveCfg = Release|Any CPU
		{53D95335-94F9-45BB-9DCA-F753298265D2}.Release|x86.Build.0 = Release|Any CPU
	EndGlobalSection
	GlobalSection(SolutionProperties) = preSolution
		HideSolutionNode = FALSE
	EndGlobalSection
	GlobalSection(NestedProjects) = preSolution
		{F065029B-FEB0-4858-8555-152AD6B36922} = {8077A1F9-266C-4F2E-B4FF-8D4BB1E78DEA}
		{63FED3E1-C2EB-49FC-BE8E-511F7E38798E} = {C040D649-14E4-4BF0-B14F-A9951F9DAE80}
		{8C5D011E-4276-4405-8AD7-43C11D5B3888} = {63FED3E1-C2EB-49FC-BE8E-511F7E38798E}
		{6FCEA8BC-B604-4EBC-B650-9A688DDD57AF} = {63FED3E1-C2EB-49FC-BE8E-511F7E38798E}
		{E9AAB8C0-E26D-4724-AEB0-DB2CA754B631} = {63FED3E1-C2EB-49FC-BE8E-511F7E38798E}
		{6D2CC602-4901-468A-BACA-766366C1F8B7} = {C040D649-14E4-4BF0-B14F-A9951F9DAE80}
		{7C3D42CC-695F-4A4D-A429-E0BDD73290E1} = {6D2CC602-4901-468A-BACA-766366C1F8B7}
		{3E586D1F-5CAC-4A7D-B861-76ADF34153AB} = {8C5D011E-4276-4405-8AD7-43C11D5B3888}
		{D4EEEA62-3E36-47D6-8EC4-3280A6CA1949} = {F065029B-FEB0-4858-8555-152AD6B36922}
		{1502F846-6522-48F8-9D08-CDEF6200C452} = {6D2CC602-4901-468A-BACA-766366C1F8B7}
		{41D51FC6-C332-4FE3-9F9D-F3851FDB438B} = {C040D649-14E4-4BF0-B14F-A9951F9DAE80}
		{F4618409-3F1F-4358-AE87-0C72B2E5E6FA} = {41D51FC6-C332-4FE3-9F9D-F3851FDB438B}
		{F0C9304B-2343-4555-A747-6CFA5A6FD3FB} = {41D51FC6-C332-4FE3-9F9D-F3851FDB438B}
		{8F06F20B-AE0C-431D-9D86-ED30506A40CB} = {C040D649-14E4-4BF0-B14F-A9951F9DAE80}
		{40D6E7AC-835B-4792-A912-12638C0D1FD0} = {8F06F20B-AE0C-431D-9D86-ED30506A40CB}
		{C903F687-4156-4D46-8970-CCABDBCA9595} = {6D2CC602-4901-468A-BACA-766366C1F8B7}
		{5483DBFF-9FFB-414A-8041-60B8E2844B41} = {6D2CC602-4901-468A-BACA-766366C1F8B7}
		{53D95335-94F9-45BB-9DCA-F753298265D2} = {41D51FC6-C332-4FE3-9F9D-F3851FDB438B}
	EndGlobalSection
	GlobalSection(ExtensibilityGlobals) = postSolution
		SolutionGuid = {F7EB03FA-3B29-466F-B96A-B52852616EC0}
	EndGlobalSection
EndGlobal
